
Microsoft Visual Studio Solution File, Format Version 12.00
Project("{FAE04EC0-301F-11D3-BF4B-00C04F79EFBC}") = "Blackjack", "Blackjack.csproj", "{7AF63C3A-1FF7-4908-8A4A-99BBFCAAE470}"
EndProject
Project("{FAE04EC0-301F-11D3-BF4B-00C04F79EFBC}") = "ClassLibrary", "ClassLibrary\ClassLibrary.csproj", "{E12F0CDE-2D11-416C-85CD-8B454215866F}"
EndProject
Global
	GlobalSection(SolutionConfigurationPlatforms) = preSolution
		Debug|Any CPU = Debug|Any CPU
		Release|Any CPU = Release|Any CPU
	EndGlobalSection
	GlobalSection(ProjectConfigurationPlatforms) = postSolution
		{7AF63C3A-1FF7-4908-8A4A-99BBFCAAE470}.Debug|Any CPU.ActiveCfg = Debug|Any CPU
		{7AF63C3A-1FF7-4908-8A4A-99BBFCAAE470}.Debug|Any CPU.Build.0 = Debug|Any CPU
		{7AF63C3A-1FF7-4908-8A4A-99BBFCAAE470}.Release|Any CPU.ActiveCfg = Release|Any CPU
		{7AF63C3A-1FF7-4908-8A4A-99BBFCAAE470}.Release|Any CPU.Build.0 = Release|Any CPU
		{E12F0CDE-2D11-416C-85CD-8B454215866F}.Debug|Any CPU.ActiveCfg = Debug|Any CPU
		{E12F0CDE-2D11-416C-85CD-8B454215866F}.Debug|Any CPU.Build.0 = Debug|Any CPU
		{E12F0CDE-2D11-416C-85CD-8B454215866F}.Release|Any CPU.ActiveCfg = Release|Any CPU
		{E12F0CDE-2D11-416C-85CD-8B454215866F}.Release|Any CPU.Build.0 = Release|Any CPU
	EndGlobalSection
	GlobalSection(NestedProjects) = preSolution
	EndGlobalSection
EndGlobal
